{
  "projects": [
    {
      "projectId": "gmeH6XgPaBtkt51HunAo4g",
      "version": "18.30.0",
      "dependencies": {},
      "lang": "js",
      "fileLocks": [
        {
          "assetId": "gmeH6XgPaBtkt51HunAo4g",
          "type": "projectCss",
          "checksum": "a92f8a81c335659a69443e50fd02af8c"
        },
        {
          "assetId": "gmeH6XgPaBtkt51HunAo4g",
          "checksum": "12432bceef704021122cb8b3d2017760",
          "type": "projectModule"
        },
        {
          "assetId": "gmeH6XgPaBtkt51HunAo4g",
          "checksum": "905267af9b34a2cdd2edf0ef19ac31b2",
          "type": "styleTokensProvider"
        }
      ],
      "codegenVersion": "0.0.3"
    },
    {
      "projectId": "jkU633o1Cz7HrJdwdxhVHk",
      "version": "16.19.0",
      "dependencies": {},
      "lang": "js",
      "fileLocks": [
        {
          "assetId": "jkU633o1Cz7HrJdwdxhVHk",
          "type": "projectCss",
          "checksum": "85f25ea7fc605a951957b994266bf3eb"
        },
        {
          "assetId": "jkU633o1Cz7HrJdwdxhVHk",
          "checksum": "3360395d0903e45c2a5fde8c8bb81302",
          "type": "projectModule"
        },
        {
          "assetId": "jkU633o1Cz7HrJdwdxhVHk",
          "checksum": "61a4fbf50fe0925c9813beb45b554fa4",
          "type": "styleTokensProvider"
        }
      ],
      "codegenVersion": "0.0.3"
    },
    {
      "projectId": "ohDidvG9XsCeFumugENU3J",
      "version": "6.36.0",
      "dependencies": {},
      "lang": "js",
      "fileLocks": [
        {
          "assetId": "ohDidvG9XsCeFumugENU3J",
          "type": "projectCss",
          "checksum": "3f9cfe65194658f53dac7546f4bf0ebe"
        },
        {
          "assetId": "ohDidvG9XsCeFumugENU3J",
          "checksum": "be3f0aaba617feb7e002ecfd303a0f73",
          "type": "globalContexts"
        },
        {
          "assetId": "ohDidvG9XsCeFumugENU3J",
          "checksum": "fb807fe3705f30ea295ebfad5287dd4b",
          "type": "projectModule"
        },
        {
          "assetId": "ohDidvG9XsCeFumugENU3J",
          "checksum": "2953fa9cf22c4af6fe2064c894bb4ed0",
          "type": "styleTokensProvider"
        }
      ],
      "codegenVersion": "0.0.3"
    },
    {
      "projectId": "YUiM7yqBWAqsh8KSnrdj7",
      "version": "0.39.0",
      "dependencies": {},
      "lang": "js",
      "fileLocks": [
        {
          "assetId": "YUiM7yqBWAqsh8KSnrdj7",
          "type": "projectCss",
          "checksum": "9b1646cccde05cef73ef33b2577cbe43"
        },
        {
          "assetId": "YUiM7yqBWAqsh8KSnrdj7",
          "checksum": "e441c33f0327416c9a2b92d5918bb109",
          "type": "projectModule"
        },
        {
          "assetId": "YUiM7yqBWAqsh8KSnrdj7",
          "checksum": "540699c72db08ab09b882e161b510971",
          "type": "styleTokensProvider"
        }
      ],
      "codegenVersion": "0.0.3"
    },
    {
      "projectId": "2ek6Cg6a7WkgAmyEDdQ7vg",
      "version": "latest",
      "dependencies": {
        "YUiM7yqBWAqsh8KSnrdj7": "0.39.0",
        "ohDidvG9XsCeFumugENU3J": "6.36.0",
        "jkU633o1Cz7HrJdwdxhVHk": "16.19.0",
        "gmeH6XgPaBtkt51HunAo4g": "18.30.0"
      },
      "lang": "js",
      "fileLocks": [
        {
          "assetId": "2ek6Cg6a7WkgAmyEDdQ7vg",
          "checksum": "58cb9a026f9670199a776d813e7c7aa3",
          "type": "globalContexts"
        },
        {
          "assetId": "2ek6Cg6a7WkgAmyEDdQ7vg",
          "checksum": "90cf4e1a14b30e7a1ddc1b9516ed8589",
          "type": "projectModule"
        },
        {
          "assetId": "2ek6Cg6a7WkgAmyEDdQ7vg",
          "checksum": "4c491f7fa5235f00e1e1dbe98959ed90",
          "type": "styleTokensProvider"
        },
        {
          "type": "renderModule",
          "assetId": "pPbTvP5TN0XT",
          "checksum": "d49d78598c0e45d4352a1a1fd7325853"
        },
        {
          "type": "cssRules",
          "assetId": "pPbTvP5TN0XT",
          "checksum": "d49d78598c0e45d4352a1a1fd7325853"
        },
        {
          "type": "renderModule",
          "assetId": "27pkw6Hvrsjk",
          "checksum": "55792c0fd76fbe63dcc55b909447cfce"
        },
        {
          "type": "cssRules",
          "assetId": "27pkw6Hvrsjk",
          "checksum": "55792c0fd76fbe63dcc55b909447cfce"
        },
        {
          "type": "renderModule",
          "assetId": "NA9vONYumA33",
          "checksum": "20e1f0242ebe23391c82d4f5c6286cf4"
        },
        {
          "type": "cssRules",
          "assetId": "NA9vONYumA33",
          "checksum": "20e1f0242ebe23391c82d4f5c6286cf4"
        },
        {
          "type": "renderModule",
          "assetId": "Oumf4WZuJOJ5",
          "checksum": "5238adaa575a900690b01f5f14774611"
        },
        {
          "type": "cssRules",
          "assetId": "Oumf4WZuJOJ5",
          "checksum": "5238adaa575a900690b01f5f14774611"
        },
        {
          "type": "renderModule",
          "assetId": "zPg2G2RlXFL8",
          "checksum": "94d20c0bced86a9832ee0e0350eb340f"
        },
        {
          "type": "cssRules",
          "assetId": "zPg2G2RlXFL8",
          "checksum": "94d20c0bced86a9832ee0e0350eb340f"
        },
        {
          "type": "renderModule",
          "assetId": "3fF63zdMPzIx",
          "checksum": "bda3e08c8d04fed2966e8d5b1a4a3f48"
        },
        {
          "type": "cssRules",
          "assetId": "3fF63zdMPzIx",
          "checksum": "bda3e08c8d04fed2966e8d5b1a4a3f48"
        },
        {
          "type": "icon",
          "assetId": "I7XBc7t-n-Qt",
          "checksum": "4cda3203575b5dcdbc959688c9b7c972"
        },
        {
          "assetId": "2ek6Cg6a7WkgAmyEDdQ7vg",
          "type": "projectCss",
          "checksum": "4d668d8f0d1558fd9e49451d8f71de56"
        }
      ],
      "codegenVersion": "0.0.3"
    }
  ],
  "cliVersion": "0.1.359"
}
